// !$*UTF8*$!
{
	archiveVersion = 1;
	classes = {
	};
	objectVersion = 46;
	objects = {

/* Begin PBXBuildFile section */
		57A199081DDB7E1B00784101 /* main.m in Sources */ = {isa = PBXBuildFile; fileRef = 57A199071DDB7E1B00784101 /* main.m */; };
		57A1990B1DDB7E1B00784101 /* AppDelegate.m in Sources */ = {isa = PBXBuildFile; fileRef = 57A1990A1DDB7E1B00784101 /* AppDelegate.m */; };
		57A1990E1DDB7E1B00784101 /* ViewController.m in Sources */ = {isa = PBXBuildFile; fileRef = 57A1990D1DDB7E1B00784101 /* ViewController.m */; };
		57A199111DDB7E1B00784101 /* Main.storyboard in Resources */ = {isa = PBXBuildFile; fileRef = 57A1990F1DDB7E1B00784101 /* Main.storyboard */; };
		57A199131DDB7E1B00784101 /* Assets.xcassets in Resources */ = {isa = PBXBuildFile; fileRef = 57A199121DDB7E1B00784101 /* Assets.xcassets */; };
		57A199161DDB7E1B00784101 /* LaunchScreen.storyboard in Resources */ = {isa = PBXBuildFile; fileRef = 57A199141DDB7E1B00784101 /* LaunchScreen.storyboard */; };
		57A199211DDB7E1C00784101 /* QuizTests.m in Sources */ = {isa = PBXBuildFile; fileRef = 57A199201DDB7E1C00784101 /* QuizTests.m */; };
		57A1992C1DDB7E1C00784101 /* QuizUITests.m in Sources */ = {isa = PBXBuildFile; fileRef = 57A1992B1DDB7E1C00784101 /* QuizUITests.m */; };
		57A1993F1DDB825500784101 /* BNRQuizViewController.m in Sources */ = {isa = PBXBuildFile; fileRef = 57A1993D1DDB825500784101 /* BNRQuizViewController.m */; };
		57A199401DDB825500784101 /* BNRQuizViewController.xib in Resources */ = {isa = PBXBuildFile; fileRef = 57A1993E1DDB825500784101 /* BNRQuizViewController.xib */; };
/* End PBXBuildFile section */

/* Begin PBXContainerItemProxy section */
		57A1991D1DDB7E1C00784101 /* PBXContainerItemProxy */ = {
			isa = PBXContainerItemProxy;
			containerPortal = 57A198FB1DDB7E1B00784101 /* Project object */;
			proxyType = 1;
			remoteGlobalIDString = 57A199021DDB7E1B00784101;
			remoteInfo = Quiz;
		};
		57A199281DDB7E1C00784101 /* PBXContainerItemProxy */ = {
			isa = PBXContainerItemProxy;
			containerPortal = 57A198FB1DDB7E1B00784101 /* Project object */;
			proxyType = 1;
			remoteGlobalIDString = 57A199021DDB7E1B00784101;
			remoteInfo = Quiz;
		};
/* End PBXContainerItemProxy section */

/* Begin PBXFileReference section */
		57A199031DDB7E1B00784101 /* Quiz.app */ = {isa = PBXFileReference; explicitFileType = wrapper.application; includeInIndex = 0; path = Quiz.app; sourceTree = BUILT_PRODUCTS_DIR; };
		57A199071DDB7E1B00784101 /* main.m */ = {isa = PBXFileReference; lastKnownFileType = sourcecode.c.objc; path = main.m; sourceTree = "<group>"; };
		57A199091DDB7E1B00784101 /* AppDelegate.h */ = {isa = PBXFileReference; lastKnownFileType = sourcecode.c.h; path = AppDelegate.h; sourceTree = "<group>"; };
		57A1990A1DDB7E1B00784101 /* AppDelegate.m */ = {isa = PBXFileReference; lastKnownFileType = sourcecode.c.objc; path = AppDelegate.m; sourceTree = "<group>"; };
		57A1990C1DDB7E1B00784101 /* ViewController.h */ = {isa = PBXFileReference; lastKnownFileType = sourcecode.c.h; path = ViewController.h; sourceTree = "<group>"; };
		57A1990D1DDB7E1B00784101 /* ViewController.m */ = {isa = PBXFileReference; lastKnownFileType = sourcecode.c.objc; path = ViewController.m; sourceTree = "<group>"; };
		57A199101DDB7E1B00784101 /* Base */ = {isa = PBXFileReference; lastKnownFileType = file.storyboard; name = Base; path = Base.lproj/Main.storyboard; sourceTree = "<group>"; };
		57A199121DDB7E1B00784101 /* Assets.xcassets */ = {isa = PBXFileReference; lastKnownFileType = folder.assetcatalog; path = Assets.xcassets; sourceTree = "<group>"; };
		57A199151DDB7E1B00784101 /* Base */ = {isa = PBXFileReference; lastKnownFileType = file.storyboard; name = Base; path = Base.lproj/LaunchScreen.storyboard; sourceTree = "<group>"; };
		57A199171DDB7E1B00784101 /* Info.plist */ = {isa = PBXFileReference; lastKnownFileType = text.plist.xml; path = Info.plist; sourceTree = "<group>"; };
		57A1991C1DDB7E1C00784101 /* QuizTests.xctest */ = {isa = PBXFileReference; explicitFileType = wrapper.cfbundle; includeInIndex = 0; path = QuizTests.xctest; sourceTree = BUILT_PRODUCTS_DIR; };
		57A199201DDB7E1C00784101 /* QuizTests.m */ = {isa = PBXFileReference; lastKnownFileType = sourcecode.c.objc; path = QuizTests.m; sourceTree = "<group>"; };
		57A199221DDB7E1C00784101 /* Info.plist */ = {isa = PBXFileReference; lastKnownFileType = text.plist.xml; path = Info.plist; sourceTree = "<group>"; };
		57A199271DDB7E1C00784101 /* QuizUITests.xctest */ = {isa = PBXFileReference; explicitFileType = wrapper.cfbundle; includeInIndex = 0; path = QuizUITests.xctest; sourceTree = BUILT_PRODUCTS_DIR; };
		57A1992B1DDB7E1C00784101 /* QuizUITests.m */ = {isa = PBXFileReference; lastKnownFileType = sourcecode.c.objc; path = QuizUITests.m; sourceTree = "<group>"; };
		57A1992D1DDB7E1C00784101 /* Info.plist */ = {isa = PBXFileReference; lastKnownFileType = text.plist.xml; path = Info.plist; sourceTree = "<group>"; };
		57A1993C1DDB825500784101 /* BNRQuizViewController.h */ = {isa = PBXFileReference; fileEncoding = 4; lastKnownFileType = sourcecode.c.h; path = BNRQuizViewController.h; sourceTree = "<group>"; };
		57A1993D1DDB825500784101 /* BNRQuizViewController.m */ = {isa = PBXFileReference; fileEncoding = 4; lastKnownFileType = sourcecode.c.objc; path = BNRQuizViewController.m; sourceTree = "<group>"; };
		57A1993E1DDB825500784101 /* BNRQuizViewController.xib */ = {isa = PBXFileReference; fileEncoding = 4; lastKnownFileType = file.xib; path = BNRQuizViewController.xib; sourceTree = "<group>"; };
/* End PBXFileReference section */

/* Begin PBXFrameworksBuildPhase section */
		57A199001DDB7E1B00784101 /* Frameworks */ = {
			isa = PBXFrameworksBuildPhase;
			buildActionMask = 2147483647;
			files = (
			);
			runOnlyForDeploymentPostprocessing = 0;
		};
		57A199191DDB7E1C00784101 /* Frameworks */ = {
			isa = PBXFrameworksBuildPhase;
			buildActionMask = 2147483647;
			files = (
			);
			runOnlyForDeploymentPostprocessing = 0;
		};
		57A199241DDB7E1C00784101 /* Frameworks */ = {
			isa = PBXFrameworksBuildPhase;
			buildActionMask = 2147483647;
			files = (
			);
			runOnlyForDeploymentPostprocessing = 0;
		};
/* End PBXFrameworksBuildPhase section */

/* Begin PBXGroup section */
		57A198FA1DDB7E1B00784101 = {
			isa = PBXGroup;
			children = (
				57A199051DDB7E1B00784101 /* Quiz */,
				57A1991F1DDB7E1C00784101 /* QuizTests */,
				57A1992A1DDB7E1C00784101 /* QuizUITests */,
				57A199041DDB7E1B00784101 /* Products */,
			);
			sourceTree = "<group>";
		};
		57A199041DDB7E1B00784101 /* Products */ = {
			isa = PBXGroup;
			children = (
				57A199031DDB7E1B00784101 /* Quiz.app */,
				57A1991C1DDB7E1C00784101 /* QuizTests.xctest */,
				57A199271DDB7E1C00784101 /* QuizUITests.xctest */,
			);
			name = Products;
			sourceTree = "<group>";
		};
		57A199051DDB7E1B00784101 /* Quiz */ = {
			isa = PBXGroup;
			children = (
				57A199091DDB7E1B00784101 /* AppDelegate.h */,
				57A1990A1DDB7E1B00784101 /* AppDelegate.m */,
				57A1990C1DDB7E1B00784101 /* ViewController.h */,
				57A1990D1DDB7E1B00784101 /* ViewController.m */,
				57A1990F1DDB7E1B00784101 /* Main.storyboard */,
				57A199121DDB7E1B00784101 /* Assets.xcassets */,
				57A199141DDB7E1B00784101 /* LaunchScreen.storyboard */,
				57A199171DDB7E1B00784101 /* Info.plist */,
				57A199061DDB7E1B00784101 /* Supporting Files */,
			);
			path = Quiz;
			sourceTree = "<group>";
		};
		57A199061DDB7E1B00784101 /* Supporting Files */ = {
			isa = PBXGroup;
			children = (
				57A1993C1DDB825500784101 /* BNRQuizViewController.h */,
				57A1993D1DDB825500784101 /* BNRQuizViewController.m */,
				57A1993E1DDB825500784101 /* BNRQuizViewController.xib */,
				57A199071DDB7E1B00784101 /* main.m */,
			);
			name = "Supporting Files";
			sourceTree = "<group>";
		};
		57A1991F1DDB7E1C00784101 /* QuizTests */ = {
			isa = PBXGroup;
			children = (
				57A199201DDB7E1C00784101 /* QuizTests.m */,
				57A199221DDB7E1C00784101 /* Info.plist */,
			);
			path = QuizTests;
			sourceTree = "<group>";
		};
		57A1992A1DDB7E1C00784101 /* QuizUITests */ = {
			isa = PBXGroup;
			children = (
				57A1992B1DDB7E1C00784101 /* QuizUITests.m */,
				57A1992D1DDB7E1C00784101 /* Info.plist */,
			);
			path = QuizUITests;
			sourceTree = "<group>";
		};
/* End PBXGroup section */

/* Begin PBXNativeTarget section */
		57A199021DDB7E1B00784101 /* Quiz */ = {
			isa = PBXNativeTarget;
			buildConfigurationList = 57A199301DDB7E1C00784101 /* Build configuration list for PBXNativeTarget "Quiz" */;
			buildPhases = (
				57A198FF1DDB7E1B00784101 /* Sources */,
				57A199001DDB7E1B00784101 /* Frameworks */,
				57A199011DDB7E1B00784101 /* Resources */,
			);
			buildRules = (
			);
			dependencies = (
			);
			name = Quiz;
			productName = Quiz;
			productReference = 57A199031DDB7E1B00784101 /* Quiz.app */;
			productType = "com.apple.product-type.application";
		};
		57A1991B1DDB7E1C00784101 /* QuizTests */ = {
			isa = PBXNativeTarget;
			buildConfigurationList = 57A199331DDB7E1C00784101 /* Build configuration list for PBXNativeTarget "QuizTests" */;
			buildPhases = (
				57A199181DDB7E1C00784101 /* Sources */,
				57A199191DDB7E1C00784101 /* Frameworks */,
				57A1991A1DDB7E1C00784101 /* Resources */,
			);
			buildRules = (
			);
			dependencies = (
				57A1991E1DDB7E1C00784101 /* PBXTargetDependency */,
			);
			name = QuizTests;
			productName = QuizTests;
			productReference = 57A1991C1DDB7E1C00784101 /* QuizTests.xctest */;
			productType = "com.apple.product-type.bundle.unit-test";
		};
		57A199261DDB7E1C00784101 /* QuizUITests */ = {
			isa = PBXNativeTarget;
			buildConfigurationList = 57A199361DDB7E1C00784101 /* Build configuration list for PBXNativeTarget "QuizUITests" */;
			buildPhases = (
				57A199231DDB7E1C00784101 /* Sources */,
				57A199241DDB7E1C00784101 /* Frameworks */,
				57A199251DDB7E1C00784101 /* Resources */,
			);
			buildRules = (
			);
			dependencies = (
				57A199291DDB7E1C00784101 /* PBXTargetDependency */,
			);
			name = QuizUITests;
			productName = QuizUITests;
			productReference = 57A199271DDB7E1C00784101 /* QuizUITests.xctest */;
			productType = "com.apple.product-type.bundle.ui-testing";
		};
/* End PBXNativeTarget section */

/* Begin PBXProject section */
		57A198FB1DDB7E1B00784101 /* Project object */ = {
			isa = PBXProject;
			attributes = {
				CLASSPREFIX = BNR;
				LastUpgradeCheck = 0810;
				ORGANIZATIONNAME = "Cavit Can Başar";
				TargetAttributes = {
					57A199021DDB7E1B00784101 = {
						CreatedOnToolsVersion = 8.1;
						DevelopmentTeam = TQ3QZEZR3Y;
						ProvisioningStyle = Automatic;
					};
					57A1991B1DDB7E1C00784101 = {
						CreatedOnToolsVersion = 8.1;
						DevelopmentTeam = TQ3QZEZR3Y;
						ProvisioningStyle = Automatic;
						TestTargetID = 57A199021DDB7E1B00784101;
					};
					57A199261DDB7E1C00784101 = {
						CreatedOnToolsVersion = 8.1;
						DevelopmentTeam = TQ3QZEZR3Y;
						ProvisioningStyle = Automatic;
						TestTargetID = 57A199021DDB7E1B00784101;
					};
				};
			};
			buildConfigurationList = 57A198FE1DDB7E1B00784101 /* Build configuration list for PBXProject "Quiz" */;
			compatibilityVersion = "Xcode 3.2";
			developmentRegion = English;
			hasScannedForEncodings = 0;
			knownRegions = (
				en,
				Base,
			);
			mainGroup = 57A198FA1DDB7E1B00784101;
			productRefGroup = 57A199041DDB7E1B00784101 /* Products */;
			projectDirPath = "";
			projectRoot = "";
			targets = (
				57A199021DDB7E1B00784101 /* Quiz */,
				57A1991B1DDB7E1C00784101 /* QuizTests */,
				57A199261DDB7E1C00784101 /* QuizUITests */,
			);
		};
/* End PBXProject section */

/* Begin PBXResourcesBuildPhase section */
		57A199011DDB7E1B00784101 /* Resources */ = {
			isa = PBXResourcesBuildPhase;
			buildActionMask = 2147483647;
			files = (
				57A199401DDB825500784101 /* BNRQuizViewController.xib in Resources */,
				57A199161DDB7E1B00784101 /* LaunchScreen.storyboard in Resources */,
				57A199131DDB7E1B00784101 /* Assets.xcassets in Resources */,
				57A199111DDB7E1B00784101 /* Main.storyboard in Resources */,
			);
			runOnlyForDeploymentPostprocessing = 0;
		};
		57A1991A1DDB7E1C00784101 /* Resources */ = {
			isa = PBXResourcesBuildPhase;
			buildActionMask = 2147483647;
			files = (
			);
			runOnlyForDeploymentPostprocessing = 0;
		};
		57A199251DDB7E1C00784101 /* Resources */ = {
			isa = PBXResourcesBuildPhase;
			buildActionMask = 2147483647;
			files = (
			);
			runOnlyForDeploymentPostprocessing = 0;
		};
/* End PBXResourcesBuildPhase section */

/* Begin PBXSourcesBuildPhase section */
		57A198FF1DDB7E1B00784101 /* Sources */ = {
			isa = PBXSourcesBuildPhase;
			buildActionMask = 2147483647;
			files = (
				57A1993F1DDB825500784101 /* BNRQuizViewController.m in Sources */,
				57A1990E1DDB7E1B00784101 /* ViewController.m in Sources */,
				57A1990B1DDB7E1B00784101 /* AppDelegate.m in Sources */,
				57A199081DDB7E1B00784101 /* main.m in Sources */,
			);
			runOnlyForDeploymentPostprocessing = 0;
		};
		57A199181DDB7E1C00784101 /* Sources */ = {
			isa = PBXSourcesBuildPhase;
			buildActionMask = 2147483647;
			files = (
				57A199211DDB7E1C00784101 /* QuizTests.m in Sources */,
			);
			runOnlyForDeploymentPostprocessing = 0;
		};
		57A199231DDB7E1C00784101 /* Sources */ = {
			isa = PBXSourcesBuildPhase;
			buildActionMask = 2147483647;
			files = (
				57A1992C1DDB7E1C00784101 /* QuizUITests.m in Sources */,
			);
			runOnlyForDeploymentPostprocessing = 0;
		};
/* End PBXSourcesBuildPhase section */

/* Begin PBXTargetDependency section */
		57A1991E1DDB7E1C00784101 /* PBXTargetDependency */ = {
			isa = PBXTargetDependency;
			target = 57A199021DDB7E1B00784101 /* Quiz */;
			targetProxy = 57A1991D1DDB7E1C00784101 /* PBXContainerItemProxy */;
		};
		57A199291DDB7E1C00784101 /* PBXTargetDependency */ = {
			isa = PBXTargetDependency;
			target = 57A199021DDB7E1B00784101 /* Quiz */;
			targetProxy = 57A199281DDB7E1C00784101 /* PBXContainerItemProxy */;
		};
/* End PBXTargetDependency section */

/* Begin PBXVariantGroup section */
		57A1990F1DDB7E1B00784101 /* Main.storyboard */ = {
			isa = PBXVariantGroup;
			children = (
				57A199101DDB7E1B00784101 /* Base */,
			);
			name = Main.storyboard;
			sourceTree = "<group>";
		};
		57A199141DDB7E1B00784101 /* LaunchScreen.storyboard */ = {
			isa = PBXVariantGroup;
			children = (
				57A199151DDB7E1B00784101 /* Base */,
			);
			name = LaunchScreen.storyboard;
			sourceTree = "<group>";
		};
/* End PBXVariantGroup section */

/* Begin XCBuildConfiguration section */
		57A1992E1DDB7E1C00784101 /* Debug */ = {
			isa = XCBuildConfiguration;
			buildSettings = {
				ALWAYS_SEARCH_USER_PATHS = NO;
				CLANG_ANALYZER_NONNULL = YES;
				CLANG_CXX_LANGUAGE_STANDARD = "gnu++0x";
				CLANG_CXX_LIBRARY = "libc++";
				CLANG_ENABLE_MODULES = YES;
				CLANG_ENABLE_OBJC_ARC = YES;
				CLANG_WARN_BOOL_CONVERSION = YES;
				CLANG_WARN_CONSTANT_CONVERSION = YES;
				CLANG_WARN_DIRECT_OBJC_ISA_USAGE = YES_ERROR;
				CLANG_WARN_DOCUMENTATION_COMMENTS = YES;
				CLANG_WARN_EMPTY_BODY = YES;
				CLANG_WARN_ENUM_CONVERSION = YES;
				CLANG_WARN_INFINITE_RECURSION = YES;
				CLANG_WARN_INT_CONVERSION = YES;
				CLANG_WARN_OBJC_ROOT_CLASS = YES_ERROR;
				CLANG_WARN_SUSPICIOUS_MOVES = YES;
				CLANG_WARN_UNREACHABLE_CODE = YES;
				CLANG_WARN__DUPLICATE_METHOD_MATCH = YES;
				"CODE_SIGN_IDENTITY[sdk=iphoneos*]" = "iPhone Developer";
				COPY_PHASE_STRIP = NO;
				DEBUG_INFORMATION_FORMAT = dwarf;
				ENABLE_STRICT_OBJC_MSGSEND = YES;
				ENABLE_TESTABILITY = YES;
				GCC_C_LANGUAGE_STANDARD = gnu99;
				GCC_DYNAMIC_NO_PIC = NO;
				GCC_NO_COMMON_BLOCKS = YES;
				GCC_OPTIMIZATION_LEVEL = 0;
				GCC_PREPROCESSOR_DEFINITIONS = (
					"DEBUG=1",
					"$(inherited)",
				);
				GCC_WARN_64_TO_32_BIT_CONVERSION = YES;
				GCC_WARN_ABOUT_RETURN_TYPE = YES_ERROR;
				GCC_WARN_UNDECLARED_SELECTOR = YES;
				GCC_WARN_UNINITIALIZED_AUTOS = YES_AGGRESSIVE;
				GCC_WARN_UNUSED_FUNCTION = YES;
				GCC_WARN_UNUSED_VARIABLE = YES;
				IPHONEOS_DEPLOYMENT_TARGET = 10.1;
				MTL_ENABLE_DEBUG_INFO = YES;
				ONLY_ACTIVE_ARCH = YES;
				SDKROOT = iphoneos;
			};
			name = Debug;
		};
		57A1992F1DDB7E1C00784101 /* Release */ = {
			isa = XCBuildConfiguration;
			buildSettings = {
				ALWAYS_SEARCH_USER_PATHS = NO;
				CLANG_ANALYZER_NONNULL = YES;
				CLANG_CXX_LANGUAGE_STANDARD = "gnu++0x";
				CLANG_CXX_LIBRARY = "libc++";
				CLANG_ENABLE_MODULES = YES;
				CLANG_ENABLE_OBJC_ARC = YES;
				CLANG_WARN_BOOL_CONVERSION = YES;
				CLANG_WARN_CONSTANT_CONVERSION = YES;
				CLANG_WARN_DIRECT_OBJC_ISA_USAGE = YES_ERROR;
				CLANG_WARN_DOCUMENTATION_COMMENTS = YES;
				CLANG_WARN_EMPTY_BODY = YES;
				CLANG_WARN_ENUM_CONVERSION = YES;
				CLANG_WARN_INFINITE_RECURSION = YES;
				CLANG_WARN_INT_CONVERSION = YES;
				CLANG_WARN_OBJC_ROOT_CLASS = YES_ERROR;
				CLANG_WARN_SUSPICIOUS_MOVES = YES;
				CLANG_WARN_UNREACHABLE_CODE = YES;
				CLANG_WARN__DUPLICATE_METHOD_MATCH = YES;
				"CODE_SIGN_IDENTITY[sdk=iphoneos*]" = "iPhone Developer";
				COPY_PHASE_STRIP = NO;
				DEBUG_INFORMATION_FORMAT = "dwarf-with-dsym";
				ENABLE_NS_ASSERTIONS = NO;
				ENABLE_STRICT_OBJC_MSGSEND = YES;
				GCC_C_LANGUAGE_STANDARD = gnu99;
				GCC_NO_COMMON_BLOCKS = YES;
				GCC_WARN_64_TO_32_BIT_CONVERSION = YES;
				GCC_WARN_ABOUT_RETURN_TYPE = YES_ERROR;
				GCC_WARN_UNDECLARED_SELECTOR = YES;
				GCC_WARN_UNINITIALIZED_AUTOS = YES_AGGRESSIVE;
				GCC_WARN_UNUSED_FUNCTION = YES;
				GCC_WARN_UNUSED_VARIABLE = YES;
				IPHONEOS_DEPLOYMENT_TARGET = 10.1;
				MTL_ENABLE_DEBUG_INFO = NO;
				SDKROOT = iphoneos;
				VALIDATE_PRODUCT = YES;
			};
			name = Release;
		};
		57A199311DDB7E1C00784101 /* Debug */ = {
			isa = XCBuildConfiguration;
			buildSettings = {
				ASSETCATALOG_COMPILER_APPICON_NAME = AppIcon;
				DEVELOPMENT_TEAM = TQ3QZEZR3Y;
				INFOPLIST_FILE = Quiz/Info.plist;
				LD_RUNPATH_SEARCH_PATHS = "$(inherited) @executable_path/Frameworks";
				PRODUCT_BUNDLE_IDENTIFIER = com.basar.Quiz;
				PRODUCT_NAME = "$(TARGET_NAME)";
			};
			name = Debug;
		};
		57A199321DDB7E1C00784101 /* Release */ = {
			isa = XCBuildConfiguration;
			buildSettings = {
				ASSETCATALOG_COMPILER_APPICON_NAME = AppIcon;
				DEVELOPMENT_TEAM = TQ3QZEZR3Y;
				INFOPLIST_FILE = Quiz/Info.plist;
				LD_RUNPATH_SEARCH_PATHS = "$(inherited) @executable_path/Frameworks";
				PRODUCT_BUNDLE_IDENTIFIER = com.basar.Quiz;
				PRODUCT_NAME = "$(TARGET_NAME)";
			};
			name = Release;
		};
		57A199341DDB7E1C00784101 /* Debug */ = {
			isa = XCBuildConfiguration;
			buildSettings = {
				BUNDLE_LOADER = "$(TEST_HOST)";
				DEVELOPMENT_TEAM = TQ3QZEZR3Y;
				INFOPLIST_FILE = QuizTests/Info.plist;
				LD_RUNPATH_SEARCH_PATHS = "$(inherited) @executable_path/Frameworks @loader_path/Frameworks";
				PRODUCT_BUNDLE_IDENTIFIER = com.basar.QuizTests;
				PRODUCT_NAME = "$(TARGET_NAME)";
				TEST_HOST = "$(BUILT_PRODUCTS_DIR)/Quiz.app/Quiz";
			};
			name = Debug;
		};
		57A199351DDB7E1C00784101 /* Release */ = {
			isa = XCBuildConfiguration;
			buildSettings = {
				BUNDLE_LOADER = "$(TEST_HOST)";
				DEVELOPMENT_TEAM = TQ3QZEZR3Y;
				INFOPLIST_FILE = QuizTests/Info.plist;
				LD_RUNPATH_SEARCH_PATHS = "$(inherited) @executable_path/Frameworks @loader_path/Frameworks";
				PRODUCT_BUNDLE_IDENTIFIER = com.basar.QuizTests;
				PRODUCT_NAME = "$(TARGET_NAME)";
				TEST_HOST = "$(BUILT_PRODUCTS_DIR)/Quiz.app/Quiz";
			};
			name = Release;
		};
		57A199371DDB7E1C00784101 /* Debug */ = {
			isa = XCBuildConfiguration;
			buildSettings = {
				DEVELOPMENT_TEAM = TQ3QZEZR3Y;
				INFOPLIST_FILE = QuizUITests/Info.plist;
				LD_RUNPATH_SEARCH_PATHS = "$(inherited) @executable_path/Frameworks @loader_path/Frameworks";
				PRODUCT_BUNDLE_IDENTIFIER = com.basar.QuizUITests;
				PRODUCT_NAME = "$(TARGET_NAME)";
				TEST_TARGET_NAME = Quiz;
			};
			name = Debug;
		};
		57A199381DDB7E1C00784101 /* Release */ = {
			isa = XCBuildConfiguration;
			buildSettings = {
				DEVELOPMENT_TEAM = TQ3QZEZR3Y;
				INFOPLIST_FILE = QuizUITests/Info.plist;
				LD_RUNPATH_SEARCH_PATHS = "$(inherited) @executable_path/Frameworks @loader_path/Frameworks";
				PRODUCT_BUNDLE_IDENTIFIER = com.basar.QuizUITests;
				PRODUCT_NAME = "$(TARGET_NAME)";
				TEST_TARGET_NAME = Quiz;
			};
			name = Release;
		};
/* End XCBuildConfiguration section */

/* Begin XCConfigurationList section */
		57A198FE1DDB7E1B00784101 /* Build configuration list for PBXProject "Quiz" */ = {
			isa = XCConfigurationList;
			buildConfigurations = (
				57A1992E1DDB7E1C00784101 /* Debug */,
				57A1992F1DDB7E1C00784101 /* Release */,
			);
			defaultConfigurationIsVisible = 0;
			defaultConfigurationName = Release;
		};
		57A199301DDB7E1C00784101 /* Build configuration list for PBXNativeTarget "Quiz" */ = {
			isa = XCConfigurationList;
			buildConfigurations = (
				57A199311DDB7E1C00784101 /* Debug */,
				57A199321DDB7E1C00784101 /* Release */,
			);
			defaultConfigurationIsVisible = 0;
			defaultConfigurationName = Release;
		};
		57A199331DDB7E1C00784101 /* Build configuration list for PBXNativeTarget "QuizTests" */ = {
			isa = XCConfigurationList;
			buildConfigurations = (
				57A199341DDB7E1C00784101 /* Debug */,
				57A199351DDB7E1C00784101 /* Release */,
			);
			defaultConfigurationIsVisible = 0;
			defaultConfigurationName = Release;
		};
		57A199361DDB7E1C00784101 /* Build configuration list for PBXNativeTarget "QuizUITests" */ = {
			isa = XCConfigurationList;
			buildConfigurations = (
				57A199371DDB7E1C00784101 /* Debug */,
				57A199381DDB7E1C00784101 /* Release */,
			);
			defaultConfigurationIsVisible = 0;
			defaultConfigurationName = Release;
		};
/* End XCConfigurationList section */
	};
	rootObject = 57A198FB1DDB7E1B00784101 /* Project object */;
}
